// !$*UTF8*$!
{
	archiveVersion = 1;
	classes = {
	};
	objectVersion = 46;
	objects = {

/* Begin PBXBuildFile section */
		1CBCFE081B58AA2300FCD070 /* AppDelegate.swift in Sources */ = {isa = PBXBuildFile; fileRef = 1CBCFE071B58AA2300FCD070 /* AppDelegate.swift */; };
		1CBCFE0A1B58AA2300FCD070 /* GameScene.sks in Resources */ = {isa = PBXBuildFile; fileRef = 1CBCFE091B58AA2300FCD070 /* GameScene.sks */; };
		1CBCFE0C1B58AA2300FCD070 /* GameScene.swift in Sources */ = {isa = PBXBuildFile; fileRef = 1CBCFE0B1B58AA2300FCD070 /* GameScene.swift */; };
		1CBCFE0E1B58AA2300FCD070 /* GameViewController.swift in Sources */ = {isa = PBXBuildFile; fileRef = 1CBCFE0D1B58AA2300FCD070 /* GameViewController.swift */; };
		1CBCFE111B58AA2300FCD070 /* Main.storyboard in Resources */ = {isa = PBXBuildFile; fileRef = 1CBCFE0F1B58AA2300FCD070 /* Main.storyboard */; };
		1CBCFE131B58AA2300FCD070 /* Images.xcassets in Resources */ = {isa = PBXBuildFile; fileRef = 1CBCFE121B58AA2300FCD070 /* Images.xcassets */; };
		1CBCFE161B58AA2300FCD070 /* LaunchScreen.xib in Resources */ = {isa = PBXBuildFile; fileRef = 1CBCFE141B58AA2300FCD070 /* LaunchScreen.xib */; };
		1CBCFE221B58AA2300FCD070 /* Flappy_VictorTests.swift in Sources */ = {isa = PBXBuildFile; fileRef = 1CBCFE211B58AA2300FCD070 /* Flappy_VictorTests.swift */; };
/* End PBXBuildFile section */

/* Begin PBXContainerItemProxy section */
		1CBCFE1C1B58AA2300FCD070 /* PBXContainerItemProxy */ = {
			isa = PBXContainerItemProxy;
			containerPortal = 1CBCFDFA1B58AA2300FCD070 /* Project object */;
			proxyType = 1;
			remoteGlobalIDString = 1CBCFE011B58AA2300FCD070;
			remoteInfo = "Flappy Victor";
		};
/* End PBXContainerItemProxy section */

/* Begin PBXFileReference section */
		1CBCFE021B58AA2300FCD070 /* Flappy Victor.app */ = {isa = PBXFileReference; explicitFileType = wrapper.application; includeInIndex = 0; path = "Flappy Victor.app"; sourceTree = BUILT_PRODUCTS_DIR; };
		1CBCFE061B58AA2300FCD070 /* Info.plist */ = {isa = PBXFileReference; lastKnownFileType = text.plist.xml; path = Info.plist; sourceTree = "<group>"; };
		1CBCFE071B58AA2300FCD070 /* AppDelegate.swift */ = {isa = PBXFileReference; lastKnownFileType = sourcecode.swift; path = AppDelegate.swift; sourceTree = "<group>"; };
		1CBCFE091B58AA2300FCD070 /* GameScene.sks */ = {isa = PBXFileReference; lastKnownFileType = file.sks; path = GameScene.sks; sourceTree = "<group>"; };
		1CBCFE0B1B58AA2300FCD070 /* GameScene.swift */ = {isa = PBXFileReference; lastKnownFileType = sourcecode.swift; path = GameScene.swift; sourceTree = "<group>"; };
		1CBCFE0D1B58AA2300FCD070 /* GameViewController.swift */ = {isa = PBXFileReference; lastKnownFileType = sourcecode.swift; path = GameViewController.swift; sourceTree = "<group>"; };
		1CBCFE101B58AA2300FCD070 /* Base */ = {isa = PBXFileReference; lastKnownFileType = file.storyboard; name = Base; path = Base.lproj/Main.storyboard; sourceTree = "<group>"; };
		1CBCFE121B58AA2300FCD070 /* Images.xcassets */ = {isa = PBXFileReference; lastKnownFileType = folder.assetcatalog; path = Images.xcassets; sourceTree = "<group>"; };
		1CBCFE151B58AA2300FCD070 /* Base */ = {isa = PBXFileReference; lastKnownFileType = file.xib; name = Base; path = Base.lproj/LaunchScreen.xib; sourceTree = "<group>"; };
		1CBCFE1B1B58AA2300FCD070 /* Flappy VictorTests.xctest */ = {isa = PBXFileReference; explicitFileType = wrapper.cfbundle; includeInIndex = 0; path = "Flappy VictorTests.xctest"; sourceTree = BUILT_PRODUCTS_DIR; };
		1CBCFE201B58AA2300FCD070 /* Info.plist */ = {isa = PBXFileReference; lastKnownFileType = text.plist.xml; path = Info.plist; sourceTree = "<group>"; };
		1CBCFE211B58AA2300FCD070 /* Flappy_VictorTests.swift */ = {isa = PBXFileReference; lastKnownFileType = sourcecode.swift; path = Flappy_VictorTests.swift; sourceTree = "<group>"; };
/* End PBXFileReference section */

/* Begin PBXFrameworksBuildPhase section */
		1CBCFDFF1B58AA2300FCD070 /* Frameworks */ = {
			isa = PBXFrameworksBuildPhase;
			buildActionMask = 2147483647;
			files = (
			);
			runOnlyForDeploymentPostprocessing = 0;
		};
		1CBCFE181B58AA2300FCD070 /* Frameworks */ = {
			isa = PBXFrameworksBuildPhase;
			buildActionMask = 2147483647;
			files = (
			);
			runOnlyForDeploymentPostprocessing = 0;
		};
/* End PBXFrameworksBuildPhase section */

/* Begin PBXGroup section */
		1CBCFDF91B58AA2300FCD070 = {
			isa = PBXGroup;
			children = (
				1CBCFE041B58AA2300FCD070 /* Flappy Victor */,
				1CBCFE1E1B58AA2300FCD070 /* Flappy VictorTests */,
				1CBCFE031B58AA2300FCD070 /* Products */,
			);
			sourceTree = "<group>";
		};
		1CBCFE031B58AA2300FCD070 /* Products */ = {
			isa = PBXGroup;
			children = (
				1CBCFE021B58AA2300FCD070 /* Flappy Victor.app */,
				1CBCFE1B1B58AA2300FCD070 /* Flappy VictorTests.xctest */,
			);
			name = Products;
			sourceTree = "<group>";
		};
		1CBCFE041B58AA2300FCD070 /* Flappy Victor */ = {
			isa = PBXGroup;
			children = (
				1CBCFE071B58AA2300FCD070 /* AppDelegate.swift */,
				1CBCFE091B58AA2300FCD070 /* GameScene.sks */,
				1CBCFE0B1B58AA2300FCD070 /* GameScene.swift */,
				1CBCFE0D1B58AA2300FCD070 /* GameViewController.swift */,
				1CBCFE0F1B58AA2300FCD070 /* Main.storyboard */,
				1CBCFE121B58AA2300FCD070 /* Images.xcassets */,
				1CBCFE141B58AA2300FCD070 /* LaunchScreen.xib */,
				1CBCFE051B58AA2300FCD070 /* Supporting Files */,
			);
			path = "Flappy Victor";
			sourceTree = "<group>";
		};
		1CBCFE051B58AA2300FCD070 /* Supporting Files */ = {
			isa = PBXGroup;
			children = (
				1CBCFE061B58AA2300FCD070 /* Info.plist */,
			);
			name = "Supporting Files";
			sourceTree = "<group>";
		};
		1CBCFE1E1B58AA2300FCD070 /* Flappy VictorTests */ = {
			isa = PBXGroup;
			children = (
				1CBCFE211B58AA2300FCD070 /* Flappy_VictorTests.swift */,
				1CBCFE1F1B58AA2300FCD070 /* Supporting Files */,
			);
			path = "Flappy VictorTests";
			sourceTree = "<group>";
		};
		1CBCFE1F1B58AA2300FCD070 /* Supporting Files */ = {
			isa = PBXGroup;
			children = (
				1CBCFE201B58AA2300FCD070 /* Info.plist */,
			);
			name = "Supporting Files";
			sourceTree = "<group>";
		};
/* End PBXGroup section */

/* Begin PBXNativeTarget section */
		1CBCFE011B58AA2300FCD070 /* Flappy Victor */ = {
			isa = PBXNativeTarget;
			buildConfigurationList = 1CBCFE251B58AA2300FCD070 /* Build configuration list for PBXNativeTarget "Flappy Victor" */;
			buildPhases = (
				1CBCFDFE1B58AA2300FCD070 /* Sources */,
				1CBCFDFF1B58AA2300FCD070 /* Frameworks */,
				1CBCFE001B58AA2300FCD070 /* Resources */,
			);
			buildRules = (
			);
			dependencies = (
			);
			name = "Flappy Victor";
			productName = "Flappy Victor";
			productReference = 1CBCFE021B58AA2300FCD070 /* Flappy Victor.app */;
			productType = "com.apple.product-type.application";
		};
		1CBCFE1A1B58AA2300FCD070 /* Flappy VictorTests */ = {
			isa = PBXNativeTarget;
			buildConfigurationList = 1CBCFE281B58AA2300FCD070 /* Build configuration list for PBXNativeTarget "Flappy VictorTests" */;
			buildPhases = (
				1CBCFE171B58AA2300FCD070 /* Sources */,
				1CBCFE181B58AA2300FCD070 /* Frameworks */,
				1CBCFE191B58AA2300FCD070 /* Resources */,
			);
			buildRules = (
			);
			dependencies = (
				1CBCFE1D1B58AA2300FCD070 /* PBXTargetDependency */,
			);
			name = "Flappy VictorTests";
			productName = "Flappy VictorTests";
			productReference = 1CBCFE1B1B58AA2300FCD070 /* Flappy VictorTests.xctest */;
			productType = "com.apple.product-type.bundle.unit-test";
		};
/* End PBXNativeTarget section */

/* Begin PBXProject section */
		1CBCFDFA1B58AA2300FCD070 /* Project object */ = {
			isa = PBXProject;
			attributes = {
				LastUpgradeCheck = 0640;
				ORGANIZATIONNAME = "TyRy Apps";
				TargetAttributes = {
					1CBCFE011B58AA2300FCD070 = {
						CreatedOnToolsVersion = 6.4;
					};
					1CBCFE1A1B58AA2300FCD070 = {
						CreatedOnToolsVersion = 6.4;
						TestTargetID = 1CBCFE011B58AA2300FCD070;
					};
				};
			};
			buildConfigurationList = 1CBCFDFD1B58AA2300FCD070 /* Build configuration list for PBXProject "Flappy Victor" */;
			compatibilityVersion = "Xcode 3.2";
			developmentRegion = English;
			hasScannedForEncodings = 0;
			knownRegions = (
				en,
				Base,
			);
			mainGroup = 1CBCFDF91B58AA2300FCD070;
			productRefGroup = 1CBCFE031B58AA2300FCD070 /* Products */;
			projectDirPath = "";
			projectRoot = "";
			targets = (
				1CBCFE011B58AA2300FCD070 /* Flappy Victor */,
				1CBCFE1A1B58AA2300FCD070 /* Flappy VictorTests */,
			);
		};
/* End PBXProject section */

/* Begin PBXResourcesBuildPhase section */
		1CBCFE001B58AA2300FCD070 /* Resources */ = {
			isa = PBXResourcesBuildPhase;
			buildActionMask = 2147483647;
			files = (
				1CBCFE161B58AA2300FCD070 /* LaunchScreen.xib in Resources */,
				1CBCFE131B58AA2300FCD070 /* Images.xcassets in Resources */,
				1CBCFE0A1B58AA2300FCD070 /* GameScene.sks in Resources */,
				1CBCFE111B58AA2300FCD070 /* Main.storyboard in Resources */,
			);
			runOnlyForDeploymentPostprocessing = 0;
		};
		1CBCFE191B58AA2300FCD070 /* Resources */ = {
			isa = PBXResourcesBuildPhase;
			buildActionMask = 2147483647;
			files = (
			);
			runOnlyForDeploymentPostprocessing = 0;
		};
/* End PBXResourcesBuildPhase section */

/* Begin PBXSourcesBuildPhase section */
		1CBCFDFE1B58AA2300FCD070 /* Sources */ = {
			isa = PBXSourcesBuildPhase;
			buildActionMask = 2147483647;
			files = (
				1CBCFE0C1B58AA2300FCD070 /* GameScene.swift in Sources */,
				1CBCFE0E1B58AA2300FCD070 /* GameViewController.swift in Sources */,
				1CBCFE081B58AA2300FCD070 /* AppDelegate.swift in Sources */,
			);
			runOnlyForDeploymentPostprocessing = 0;
		};
		1CBCFE171B58AA2300FCD070 /* Sources */ = {
			isa = PBXSourcesBuildPhase;
			buildActionMask = 2147483647;
			files = (
				1CBCFE221B58AA2300FCD070 /* Flappy_VictorTests.swift in Sources */,
			);
			runOnlyForDeploymentPostprocessing = 0;
		};
/* End PBXSourcesBuildPhase section */

/* Begin PBXTargetDependency section */
		1CBCFE1D1B58AA2300FCD070 /* PBXTargetDependency */ = {
			isa = PBXTargetDependency;
			target = 1CBCFE011B58AA2300FCD070 /* Flappy Victor */;
			targetProxy = 1CBCFE1C1B58AA2300FCD070 /* PBXContainerItemProxy */;
		};
/* End PBXTargetDependency section */

/* Begin PBXVariantGroup section */
		1CBCFE0F1B58AA2300FCD070 /* Main.storyboard */ = {
			isa = PBXVariantGroup;
			children = (
				1CBCFE101B58AA2300FCD070 /* Base */,
			);
			name = Main.storyboard;
			sourceTree = "<group>";
		};
		1CBCFE141B58AA2300FCD070 /* LaunchScreen.xib */ = {
			isa = PBXVariantGroup;
			children = (
				1CBCFE151B58AA2300FCD070 /* Base */,
			);
			name = LaunchScreen.xib;
			sourceTree = "<group>";
		};
/* End PBXVariantGroup section */

/* Begin XCBuildConfiguration section */
		1CBCFE231B58AA2300FCD070 /* Debug */ = {
			isa = XCBuildConfiguration;
			buildSettings = {
				ALWAYS_SEARCH_USER_PATHS = NO;
				CLANG_CXX_LANGUAGE_STANDARD = "gnu++0x";
				CLANG_CXX_LIBRARY = "libc++";
				CLANG_ENABLE_MODULES = YES;
				CLANG_ENABLE_OBJC_ARC = YES;
				CLANG_WARN_BOOL_CONVERSION = YES;
				CLANG_WARN_CONSTANT_CONVERSION = YES;
				CLANG_WARN_DIRECT_OBJC_ISA_USAGE = YES_ERROR;
				CLANG_WARN_EMPTY_BODY = YES;
				CLANG_WARN_ENUM_CONVERSION = YES;
				CLANG_WARN_INT_CONVERSION = YES;
				CLANG_WARN_OBJC_ROOT_CLASS = YES_ERROR;
				CLANG_WARN_UNREACHABLE_CODE = YES;
				CLANG_WARN__DUPLICATE_METHOD_MATCH = YES;
				"CODE_SIGN_IDENTITY[sdk=iphoneos*]" = "iPhone Developer";
				COPY_PHASE_STRIP = NO;
				DEBUG_INFORMATION_FORMAT = "dwarf-with-dsym";
				ENABLE_STRICT_OBJC_MSGSEND = YES;
				GCC_C_LANGUAGE_STANDARD = gnu99;
				GCC_DYNAMIC_NO_PIC = NO;
				GCC_NO_COMMON_BLOCKS = YES;
				GCC_OPTIMIZATION_LEVEL = 0;
				GCC_PREPROCESSOR_DEFINITIONS = (
					"DEBUG=1",
					"$(inherited)",
				);
				GCC_SYMBOLS_PRIVATE_EXTERN = NO;
				GCC_WARN_64_TO_32_BIT_CONVERSION = YES;
				GCC_WARN_ABOUT_RETURN_TYPE = YES_ERROR;
				GCC_WARN_UNDECLARED_SELECTOR = YES;
				GCC_WARN_UNINITIALIZED_AUTOS = YES_AGGRESSIVE;
				GCC_WARN_UNUSED_FUNCTION = YES;
				GCC_WARN_UNUSED_VARIABLE = YES;
				IPHONEOS_DEPLOYMENT_TARGET = 8.4;
				MTL_ENABLE_DEBUG_INFO = YES;
				ONLY_ACTIVE_ARCH = YES;
				SDKROOT = iphoneos;
				SWIFT_OPTIMIZATION_LEVEL = "-Onone";
			};
			name = Debug;
		};
		1CBCFE241B58AA2300FCD070 /* Release */ = {
			isa = XCBuildConfiguration;
			buildSettings = {
				ALWAYS_SEARCH_USER_PATHS = NO;
				CLANG_CXX_LANGUAGE_STANDARD = "gnu++0x";
				CLANG_CXX_LIBRARY = "libc++";
				CLANG_ENABLE_MODULES = YES;
				CLANG_ENABLE_OBJC_ARC = YES;
				CLANG_WARN_BOOL_CONVERSION = YES;
				CLANG_WARN_CONSTANT_CONVERSION = YES;
				CLANG_WARN_DIRECT_OBJC_ISA_USAGE = YES_ERROR;
				CLANG_WARN_EMPTY_BODY = YES;
				CLANG_WARN_ENUM_CONVERSION = YES;
				CLANG_WARN_INT_CONVERSION = YES;
				CLANG_WARN_OBJC_ROOT_CLASS = YES_ERROR;
				CLANG_WARN_UNREACHABLE_CODE = YES;
				CLANG_WARN__DUPLICATE_METHOD_MATCH = YES;
				"CODE_SIGN_IDENTITY[sdk=iphoneos*]" = "iPhone Developer";
				COPY_PHASE_STRIP = NO;
				DEBUG_INFORMATION_FORMAT = "dwarf-with-dsym";
				ENABLE_NS_ASSERTIONS = NO;
				ENABLE_STRICT_OBJC_MSGSEND = YES;
				GCC_C_LANGUAGE_STANDARD = gnu99;
				GCC_NO_COMMON_BLOCKS = YES;
				GCC_WARN_64_TO_32_BIT_CONVERSION = YES;
				GCC_WARN_ABOUT_RETURN_TYPE = YES_ERROR;
				GCC_WARN_UNDECLARED_SELECTOR = YES;
				GCC_WARN_UNINITIALIZED_AUTOS = YES_AGGRESSIVE;
				GCC_WARN_UNUSED_FUNCTION = YES;
				GCC_WARN_UNUSED_VARIABLE = YES;
				IPHONEOS_DEPLOYMENT_TARGET = 8.4;
				MTL_ENABLE_DEBUG_INFO = NO;
				SDKROOT = iphoneos;
				VALIDATE_PRODUCT = YES;
			};
			name = Release;
		};
		1CBCFE261B58AA2300FCD070 /* Debug */ = {
			isa = XCBuildConfiguration;
			buildSettings = {
				ASSETCATALOG_COMPILER_APPICON_NAME = AppIcon;
				INFOPLIST_FILE = "Flappy Victor/Info.plist";
				LD_RUNPATH_SEARCH_PATHS = "$(inherited) @executable_path/Frameworks";
				PRODUCT_NAME = "$(TARGET_NAME)";
			};
			name = Debug;
		};
		1CBCFE271B58AA2300FCD070 /* Release */ = {
			isa = XCBuildConfiguration;
			buildSettings = {
				ASSETCATALOG_COMPILER_APPICON_NAME = AppIcon;
				INFOPLIST_FILE = "Flappy Victor/Info.plist";
				LD_RUNPATH_SEARCH_PATHS = "$(inherited) @executable_path/Frameworks";
				PRODUCT_NAME = "$(TARGET_NAME)";
			};
			name = Release;
		};
		1CBCFE291B58AA2300FCD070 /* Debug */ = {
			isa = XCBuildConfiguration;
			buildSettings = {
				BUNDLE_LOADER = "$(TEST_HOST)";
				FRAMEWORK_SEARCH_PATHS = (
					"$(SDKROOT)/Developer/Library/Frameworks",
					"$(inherited)",
				);
				GCC_PREPROCESSOR_DEFINITIONS = (
					"DEBUG=1",
					"$(inherited)",
				);
				INFOPLIST_FILE = "Flappy VictorTests/Info.plist";
				LD_RUNPATH_SEARCH_PATHS = "$(inherited) @executable_path/Frameworks @loader_path/Frameworks";
				PRODUCT_NAME = "$(TARGET_NAME)";
				TEST_HOST = "$(BUILT_PRODUCTS_DIR)/Flappy Victor.app/Flappy Victor";
			};
			name = Debug;
		};
		1CBCFE2A1B58AA2300FCD070 /* Release */ = {
			isa = XCBuildConfiguration;
			buildSettings = {
				BUNDLE_LOADER = "$(TEST_HOST)";
				FRAMEWORK_SEARCH_PATHS = (
					"$(SDKROOT)/Developer/Library/Frameworks",
					"$(inherited)",
				);
				INFOPLIST_FILE = "Flappy VictorTests/Info.plist";
				LD_RUNPATH_SEARCH_PATHS = "$(inherited) @executable_path/Frameworks @loader_path/Frameworks";
				PRODUCT_NAME = "$(TARGET_NAME)";
				TEST_HOST = "$(BUILT_PRODUCTS_DIR)/Flappy Victor.app/Flappy Victor";
			};
			name = Release;
		};
/* End XCBuildConfiguration section */

/* Begin XCConfigurationList section */
		1CBCFDFD1B58AA2300FCD070 /* Build configuration list for PBXProject "Flappy Victor" */ = {
			isa = XCConfigurationList;
			buildConfigurations = (
				1CBCFE231B58AA2300FCD070 /* Debug */,
				1CBCFE241B58AA2300FCD070 /* Release */,
			);
			defaultConfigurationIsVisible = 0;
			defaultConfigurationName = Release;
		};
		1CBCFE251B58AA2300FCD070 /* Build configuration list for PBXNativeTarget "Flappy Victor" */ = {
			isa = XCConfigurationList;
			buildConfigurations = (
				1CBCFE261B58AA2300FCD070 /* Debug */,
				1CBCFE271B58AA2300FCD070 /* Release */,
			);
			defaultConfigurationIsVisible = 0;
		};
		1CBCFE281B58AA2300FCD070 /* Build configuration list for PBXNativeTarget "Flappy VictorTests" */ = {
			isa = XCConfigurationList;
			buildConfigurations = (
				1CBCFE291B58AA2300FCD070 /* Debug */,
				1CBCFE2A1B58AA2300FCD070 /* Release */,
			);
			defaultConfigurationIsVisible = 0;
		};
/* End XCConfigurationList section */
	};
	rootObject = 1CBCFDFA1B58AA2300FCD070 /* Project object */;
}
